github.com/cilium/ebpf v0.12.3 h1:8ht6F9MquybnY97at+VDZb3eQQr8ev79RueWeVaEcG4=
github.com/cilium/ebpf v0.12.3/go.mod h1:TctK1ivibvI3znr66ljgi4hqOT8EYQjz1KWBfb1UVgM=
github.com/frankban/quicktest v1.14.4 h1:g2rn0vABPOOXmZUj+vbmUp0lPoXEMuhTpIluN0XL9UY=
github.com/frankban/quicktest v1.14.4/go.mod h1:4ptaffx2x8+WTWXmUCuVU6aPUX1/Mz7zb5vbUoiM6w0=
github.com/google/go-cmp v0.5.9 h1:O2Tfq5qg4qc4AmwVlvv0oLiVAGB7enBSJ2x2DqQFi38=
github.com/google/go-cmp v0.5.9/go.mod h1:17dUlkBOakJ0+DkrSSNjCkIjxS6bF9zb3elmeNGIjoY=
github.com/klauspost/compress v1.17.0 h1:Rnbp4K9EjcDuVuHtd0dgA4qNuv9yKDYKK1ulpJwgrqM=
github.com/klauspost/compress v1.17.0/go.mod h1:ntbaceVETuRiXiv4DpjP66DpAtAGkEQskQzEyD//IeE=
github.com/kr/pretty v0.3.1 h1:flRD4NNwYAUpkphVc1HcthR4KEIFJ65n8Mw5qdRn3LE=
github.com/kr/pretty v0.3.1/go.mod h1:hoEshYVHaxMs3cyo3Yncou5ZscifuDolrwPKZanG3xk=
github.com/kr/text v0.2.0 h1:5Nx0Ya0ZqY2anu_Fzsab8dxXKHKMNw7vd3pX9VnGhEQ=
github.com/kr/text v0.2.0/go.mod h1:eLer722TekiGuMkidMxC/pM04lWEeraHUUmBw8l2grE=
github.com/nats-io/nats.go v1.31.0 h1:/WFBHEc/dOKBF6qf1TZhrdEfTmOZ5JzdJ+Y3m6Y/p7E=
github.com/nats-io/nats.go v1.31.0/go.mod h1:di3Bm5MLsoB4Bx61CBTsxuarI36WWhU4v2vBB3Cp4e4=
github.com/nats-io/nkeys v0.4.5 h1:Zdz2BUlFm4fJlierwvGK+yl20IAKUm7eV6AAZXEhkzl=
github.com/nats-io/nkeys v0.4.5/go.mod h1:XUkxdLPTufzlihbamfzQ7mw/VGx6ObUs+0bN5sNvt64=
github.com/nats-io/nuid v1.0.1 h1:5iA8DT8V7q8WK2EScv2padNa/rTESc1KdnPw4TC2paw=
github.com/nats-io/nuid v1.0.1/go.mod h1:19wcPz3Ph3q0Jbyiqsd0kePYG7A95tJPxeL+1OSON2c=
github.com/rogpeppe/go-internal v1.9.0 h1:73kH8U+JUqXU8lRuOHeVHaa/SZPifC7BkcraZVejAe8=
github.com/rogpeppe/go-internal v1.9.0/go.mod h1:WtVeX8xhTBvf0smdhujwtBcq4Qrzq/fJaraNFVN+nFs=
golang.org/x/crypto v0.6.0 h1:qfktjS5LUO+fFKeJXZ+ikTRijMmljikvG68fpMMruSc=
golang.org/x/crypto v0.6.0/go.mod h1:OFC/31mSvZgRz0V1QTNCzfAI1aIRzbiufJtkMIlEp58=
golang.org/x/exp v0.0.0-20230224173230-c95f2b4c22f2 h1:Jvc7gsqn21cJHCmAWx0LiimpP18LZmUxkT5Mp7EZ1mI=
golang.org/x/exp v0.0.0-20230224173230-c95f2b4c22f2/go.mod h1:CxIveKay+FTh1D0yPZemJVgC/95VzuuOLq5Qi4xnoYc=
golang.org/x/sys v0.2.0/go.mod h1:oPkhp1MJrh7nUepCBck5+mAzfO9JrbApNNgaTdGDITg=
golang.org/x/sys v0.5.0/go.mod h1:oPkhp1MJrh7nUepCBck5+mAzfO9JrbApNNgaTdGDITg=
golang.org/x/sys v0.14.1-0.20231108175955-e4099bfacb8c h1:3vnTHip7L3R/av1AwFpp2tDbuK11SylWVXI2dWLMOaw=
golang.org/x/sys v0.14.1-0.20231108175955-e4099bfacb8c/go.mod h1:/VUhepiaJMQUp4+27A9VbpQrOOWc9wh6eP8h62xf2BO=
